// !$*UTF8*$!
{
	archiveVersion = 1;
	classes = {
	};
	objectVersion = 46;
	objects = {

/* Begin PBXBuildFile section */
		AE9A35941D62BDFA00CD4D55 /* main.m in Sources */ = {isa = PBXBuildFile; fileRef = AE9A35931D62BDFA00CD4D55 /* main.m */; };
		AE9A35971D62BDFA00CD4D55 /* AppDelegate.m in Sources */ = {isa = PBXBuildFile; fileRef = AE9A35961D62BDFA00CD4D55 /* AppDelegate.m */; };
		AE9A359A1D62BDFA00CD4D55 /* ViewController.m in Sources */ = {isa = PBXBuildFile; fileRef = AE9A35991D62BDFA00CD4D55 /* ViewController.m */; };
		AE9A359D1D62BDFA00CD4D55 /* Main.storyboard in Resources */ = {isa = PBXBuildFile; fileRef = AE9A359B1D62BDFA00CD4D55 /* Main.storyboard */; };
		AE9A359F1D62BDFA00CD4D55 /* Assets.xcassets in Resources */ = {isa = PBXBuildFile; fileRef = AE9A359E1D62BDFA00CD4D55 /* Assets.xcassets */; };
		AE9A35A21D62BDFA00CD4D55 /* LaunchScreen.storyboard in Resources */ = {isa = PBXBuildFile; fileRef = AE9A35A01D62BDFA00CD4D55 /* LaunchScreen.storyboard */; };
		AE9A35AD1D62BDFA00CD4D55 /* OfferDemoTests.m in Sources */ = {isa = PBXBuildFile; fileRef = AE9A35AC1D62BDFA00CD4D55 /* OfferDemoTests.m */; };
		AE9A35B81D62BDFA00CD4D55 /* OfferDemoUITests.m in Sources */ = {isa = PBXBuildFile; fileRef = AE9A35B71D62BDFA00CD4D55 /* OfferDemoUITests.m */; };
/* End PBXBuildFile section */

/* Begin PBXContainerItemProxy section */
		AE9A35A91D62BDFA00CD4D55 /* PBXContainerItemProxy */ = {
			isa = PBXContainerItemProxy;
			containerPortal = AE9A35871D62BDF900CD4D55 /* Project object */;
			proxyType = 1;
			remoteGlobalIDString = AE9A358E1D62BDF900CD4D55;
			remoteInfo = OfferDemo;
		};
		AE9A35B41D62BDFA00CD4D55 /* PBXContainerItemProxy */ = {
			isa = PBXContainerItemProxy;
			containerPortal = AE9A35871D62BDF900CD4D55 /* Project object */;
			proxyType = 1;
			remoteGlobalIDString = AE9A358E1D62BDF900CD4D55;
			remoteInfo = OfferDemo;
		};
/* End PBXContainerItemProxy section */

/* Begin PBXFileReference section */
		AE9A358F1D62BDF900CD4D55 /* OfferDemo.app */ = {isa = PBXFileReference; explicitFileType = wrapper.application; includeInIndex = 0; path = OfferDemo.app; sourceTree = BUILT_PRODUCTS_DIR; };
		AE9A35931D62BDFA00CD4D55 /* main.m */ = {isa = PBXFileReference; lastKnownFileType = sourcecode.c.objc; path = main.m; sourceTree = "<group>"; };
		AE9A35951D62BDFA00CD4D55 /* AppDelegate.h */ = {isa = PBXFileReference; lastKnownFileType = sourcecode.c.h; path = AppDelegate.h; sourceTree = "<group>"; };
		AE9A35961D62BDFA00CD4D55 /* AppDelegate.m */ = {isa = PBXFileReference; lastKnownFileType = sourcecode.c.objc; path = AppDelegate.m; sourceTree = "<group>"; };
		AE9A35981D62BDFA00CD4D55 /* ViewController.h */ = {isa = PBXFileReference; lastKnownFileType = sourcecode.c.h; path = ViewController.h; sourceTree = "<group>"; };
		AE9A35991D62BDFA00CD4D55 /* ViewController.m */ = {isa = PBXFileReference; lastKnownFileType = sourcecode.c.objc; path = ViewController.m; sourceTree = "<group>"; };
		AE9A359C1D62BDFA00CD4D55 /* Base */ = {isa = PBXFileReference; lastKnownFileType = file.storyboard; name = Base; path = Base.lproj/Main.storyboard; sourceTree = "<group>"; };
		AE9A359E1D62BDFA00CD4D55 /* Assets.xcassets */ = {isa = PBXFileReference; lastKnownFileType = folder.assetcatalog; path = Assets.xcassets; sourceTree = "<group>"; };
		AE9A35A11D62BDFA00CD4D55 /* Base */ = {isa = PBXFileReference; lastKnownFileType = file.storyboard; name = Base; path = Base.lproj/LaunchScreen.storyboard; sourceTree = "<group>"; };
		AE9A35A31D62BDFA00CD4D55 /* Info.plist */ = {isa = PBXFileReference; lastKnownFileType = text.plist.xml; path = Info.plist; sourceTree = "<group>"; };
		AE9A35A81D62BDFA00CD4D55 /* OfferDemoTests.xctest */ = {isa = PBXFileReference; explicitFileType = wrapper.cfbundle; includeInIndex = 0; path = OfferDemoTests.xctest; sourceTree = BUILT_PRODUCTS_DIR; };
		AE9A35AC1D62BDFA00CD4D55 /* OfferDemoTests.m */ = {isa = PBXFileReference; lastKnownFileType = sourcecode.c.objc; path = OfferDemoTests.m; sourceTree = "<group>"; };
		AE9A35AE1D62BDFA00CD4D55 /* Info.plist */ = {isa = PBXFileReference; lastKnownFileType = text.plist.xml; path = Info.plist; sourceTree = "<group>"; };
		AE9A35B31D62BDFA00CD4D55 /* OfferDemoUITests.xctest */ = {isa = PBXFileReference; explicitFileType = wrapper.cfbundle; includeInIndex = 0; path = OfferDemoUITests.xctest; sourceTree = BUILT_PRODUCTS_DIR; };
		AE9A35B71D62BDFA00CD4D55 /* OfferDemoUITests.m */ = {isa = PBXFileReference; lastKnownFileType = sourcecode.c.objc; path = OfferDemoUITests.m; sourceTree = "<group>"; };
		AE9A35B91D62BDFA00CD4D55 /* Info.plist */ = {isa = PBXFileReference; lastKnownFileType = text.plist.xml; path = Info.plist; sourceTree = "<group>"; };
/* End PBXFileReference section */

/* Begin PBXFrameworksBuildPhase section */
		AE9A358C1D62BDF900CD4D55 /* Frameworks */ = {
			isa = PBXFrameworksBuildPhase;
			buildActionMask = 2147483647;
			files = (
			);
			runOnlyForDeploymentPostprocessing = 0;
		};
		AE9A35A51D62BDFA00CD4D55 /* Frameworks */ = {
			isa = PBXFrameworksBuildPhase;
			buildActionMask = 2147483647;
			files = (
			);
			runOnlyForDeploymentPostprocessing = 0;
		};
		AE9A35B01D62BDFA00CD4D55 /* Frameworks */ = {
			isa = PBXFrameworksBuildPhase;
			buildActionMask = 2147483647;
			files = (
			);
			runOnlyForDeploymentPostprocessing = 0;
		};
/* End PBXFrameworksBuildPhase section */

/* Begin PBXGroup section */
		AE9A35861D62BDF900CD4D55 = {
			isa = PBXGroup;
			children = (
				AE9A35911D62BDFA00CD4D55 /* OfferDemo */,
				AE9A35AB1D62BDFA00CD4D55 /* OfferDemoTests */,
				AE9A35B61D62BDFA00CD4D55 /* OfferDemoUITests */,
				AE9A35901D62BDF900CD4D55 /* Products */,
			);
			sourceTree = "<group>";
		};
		AE9A35901D62BDF900CD4D55 /* Products */ = {
			isa = PBXGroup;
			children = (
				AE9A358F1D62BDF900CD4D55 /* OfferDemo.app */,
				AE9A35A81D62BDFA00CD4D55 /* OfferDemoTests.xctest */,
				AE9A35B31D62BDFA00CD4D55 /* OfferDemoUITests.xctest */,
			);
			name = Products;
			sourceTree = "<group>";
		};
		AE9A35911D62BDFA00CD4D55 /* OfferDemo */ = {
			isa = PBXGroup;
			children = (
				AE9A35951D62BDFA00CD4D55 /* AppDelegate.h */,
				AE9A35961D62BDFA00CD4D55 /* AppDelegate.m */,
				AE9A35981D62BDFA00CD4D55 /* ViewController.h */,
				AE9A35991D62BDFA00CD4D55 /* ViewController.m */,
				AE9A359B1D62BDFA00CD4D55 /* Main.storyboard */,
				AE9A359E1D62BDFA00CD4D55 /* Assets.xcassets */,
				AE9A35A01D62BDFA00CD4D55 /* LaunchScreen.storyboard */,
				AE9A35A31D62BDFA00CD4D55 /* Info.plist */,
				AE9A35921D62BDFA00CD4D55 /* Supporting Files */,
			);
			path = OfferDemo;
			sourceTree = "<group>";
		};
		AE9A35921D62BDFA00CD4D55 /* Supporting Files */ = {
			isa = PBXGroup;
			children = (
				AE9A35931D62BDFA00CD4D55 /* main.m */,
			);
			name = "Supporting Files";
			sourceTree = "<group>";
		};
		AE9A35AB1D62BDFA00CD4D55 /* OfferDemoTests */ = {
			isa = PBXGroup;
			children = (
				AE9A35AC1D62BDFA00CD4D55 /* OfferDemoTests.m */,
				AE9A35AE1D62BDFA00CD4D55 /* Info.plist */,
			);
			path = OfferDemoTests;
			sourceTree = "<group>";
		};
		AE9A35B61D62BDFA00CD4D55 /* OfferDemoUITests */ = {
			isa = PBXGroup;
			children = (
				AE9A35B71D62BDFA00CD4D55 /* OfferDemoUITests.m */,
				AE9A35B91D62BDFA00CD4D55 /* Info.plist */,
			);
			path = OfferDemoUITests;
			sourceTree = "<group>";
		};
/* End PBXGroup section */

/* Begin PBXNativeTarget section */
		AE9A358E1D62BDF900CD4D55 /* OfferDemo */ = {
			isa = PBXNativeTarget;
			buildConfigurationList = AE9A35BC1D62BDFA00CD4D55 /* Build configuration list for PBXNativeTarget "OfferDemo" */;
			buildPhases = (
				AE9A358B1D62BDF900CD4D55 /* Sources */,
				AE9A358C1D62BDF900CD4D55 /* Frameworks */,
				AE9A358D1D62BDF900CD4D55 /* Resources */,
			);
			buildRules = (
			);
			dependencies = (
			);
			name = OfferDemo;
			productName = OfferDemo;
			productReference = AE9A358F1D62BDF900CD4D55 /* OfferDemo.app */;
			productType = "com.apple.product-type.application";
		};
		AE9A35A71D62BDFA00CD4D55 /* OfferDemoTests */ = {
			isa = PBXNativeTarget;
			buildConfigurationList = AE9A35BF1D62BDFA00CD4D55 /* Build configuration list for PBXNativeTarget "OfferDemoTests" */;
			buildPhases = (
				AE9A35A41D62BDFA00CD4D55 /* Sources */,
				AE9A35A51D62BDFA00CD4D55 /* Frameworks */,
				AE9A35A61D62BDFA00CD4D55 /* Resources */,
			);
			buildRules = (
			);
			dependencies = (
				AE9A35AA1D62BDFA00CD4D55 /* PBXTargetDependency */,
			);
			name = OfferDemoTests;
			productName = OfferDemoTests;
			productReference = AE9A35A81D62BDFA00CD4D55 /* OfferDemoTests.xctest */;
			productType = "com.apple.product-type.bundle.unit-test";
		};
		AE9A35B21D62BDFA00CD4D55 /* OfferDemoUITests */ = {
			isa = PBXNativeTarget;
			buildConfigurationList = AE9A35C21D62BDFA00CD4D55 /* Build configuration list for PBXNativeTarget "OfferDemoUITests" */;
			buildPhases = (
				AE9A35AF1D62BDFA00CD4D55 /* Sources */,
				AE9A35B01D62BDFA00CD4D55 /* Frameworks */,
				AE9A35B11D62BDFA00CD4D55 /* Resources */,
			);
			buildRules = (
			);
			dependencies = (
				AE9A35B51D62BDFA00CD4D55 /* PBXTargetDependency */,
			);
			name = OfferDemoUITests;
			productName = OfferDemoUITests;
			productReference = AE9A35B31D62BDFA00CD4D55 /* OfferDemoUITests.xctest */;
			productType = "com.apple.product-type.bundle.ui-testing";
		};
/* End PBXNativeTarget section */

/* Begin PBXProject section */
		AE9A35871D62BDF900CD4D55 /* Project object */ = {
			isa = PBXProject;
			attributes = {
				LastUpgradeCheck = 0730;
				ORGANIZATIONNAME = xuewuguojie;
				TargetAttributes = {
					AE9A358E1D62BDF900CD4D55 = {
						CreatedOnToolsVersion = 7.3;
					};
					AE9A35A71D62BDFA00CD4D55 = {
						CreatedOnToolsVersion = 7.3;
						TestTargetID = AE9A358E1D62BDF900CD4D55;
					};
					AE9A35B21D62BDFA00CD4D55 = {
						CreatedOnToolsVersion = 7.3;
						TestTargetID = AE9A358E1D62BDF900CD4D55;
					};
				};
			};
			buildConfigurationList = AE9A358A1D62BDF900CD4D55 /* Build configuration list for PBXProject "OfferDemo" */;
			compatibilityVersion = "Xcode 3.2";
			developmentRegion = English;
			hasScannedForEncodings = 0;
			knownRegions = (
				en,
				Base,
			);
			mainGroup = AE9A35861D62BDF900CD4D55;
			productRefGroup = AE9A35901D62BDF900CD4D55 /* Products */;
			projectDirPath = "";
			projectRoot = "";
			targets = (
				AE9A358E1D62BDF900CD4D55 /* OfferDemo */,
				AE9A35A71D62BDFA00CD4D55 /* OfferDemoTests */,
				AE9A35B21D62BDFA00CD4D55 /* OfferDemoUITests */,
			);
		};
/* End PBXProject section */

/* Begin PBXResourcesBuildPhase section */
		AE9A358D1D62BDF900CD4D55 /* Resources */ = {
			isa = PBXResourcesBuildPhase;
			buildActionMask = 2147483647;
			files = (
				AE9A35A21D62BDFA00CD4D55 /* LaunchScreen.storyboard in Resources */,
				AE9A359F1D62BDFA00CD4D55 /* Assets.xcassets in Resources */,
				AE9A359D1D62BDFA00CD4D55 /* Main.storyboard in Resources */,
			);
			runOnlyForDeploymentPostprocessing = 0;
		};
		AE9A35A61D62BDFA00CD4D55 /* Resources */ = {
			isa = PBXResourcesBuildPhase;
			buildActionMask = 2147483647;
			files = (
			);
			runOnlyForDeploymentPostprocessing = 0;
		};
		AE9A35B11D62BDFA00CD4D55 /* Resources */ = {
			isa = PBXResourcesBuildPhase;
			buildActionMask = 2147483647;
			files = (
			);
			runOnlyForDeploymentPostprocessing = 0;
		};
/* End PBXResourcesBuildPhase section */

/* Begin PBXSourcesBuildPhase section */
		AE9A358B1D62BDF900CD4D55 /* Sources */ = {
			isa = PBXSourcesBuildPhase;
			buildActionMask = 2147483647;
			files = (
				AE9A359A1D62BDFA00CD4D55 /* ViewController.m in Sources */,
				AE9A35971D62BDFA00CD4D55 /* AppDelegate.m in Sources */,
				AE9A35941D62BDFA00CD4D55 /* main.m in Sources */,
			);
			runOnlyForDeploymentPostprocessing = 0;
		};
		AE9A35A41D62BDFA00CD4D55 /* Sources */ = {
			isa = PBXSourcesBuildPhase;
			buildActionMask = 2147483647;
			files = (
				AE9A35AD1D62BDFA00CD4D55 /* OfferDemoTests.m in Sources */,
			);
			runOnlyForDeploymentPostprocessing = 0;
		};
		AE9A35AF1D62BDFA00CD4D55 /* Sources */ = {
			isa = PBXSourcesBuildPhase;
			buildActionMask = 2147483647;
			files = (
				AE9A35B81D62BDFA00CD4D55 /* OfferDemoUITests.m in Sources */,
			);
			runOnlyForDeploymentPostprocessing = 0;
		};
/* End PBXSourcesBuildPhase section */

/* Begin PBXTargetDependency section */
		AE9A35AA1D62BDFA00CD4D55 /* PBXTargetDependency */ = {
			isa = PBXTargetDependency;
			target = AE9A358E1D62BDF900CD4D55 /* OfferDemo */;
			targetProxy = AE9A35A91D62BDFA00CD4D55 /* PBXContainerItemProxy */;
		};
		AE9A35B51D62BDFA00CD4D55 /* PBXTargetDependency */ = {
			isa = PBXTargetDependency;
			target = AE9A358E1D62BDF900CD4D55 /* OfferDemo */;
			targetProxy = AE9A35B41D62BDFA00CD4D55 /* PBXContainerItemProxy */;
		};
/* End PBXTargetDependency section */

/* Begin PBXVariantGroup section */
		AE9A359B1D62BDFA00CD4D55 /* Main.storyboard */ = {
			isa = PBXVariantGroup;
			children = (
				AE9A359C1D62BDFA00CD4D55 /* Base */,
			);
			name = Main.storyboard;
			sourceTree = "<group>";
		};
		AE9A35A01D62BDFA00CD4D55 /* LaunchScreen.storyboard */ = {
			isa = PBXVariantGroup;
			children = (
				AE9A35A11D62BDFA00CD4D55 /* Base */,
			);
			name = LaunchScreen.storyboard;
			sourceTree = "<group>";
		};
/* End PBXVariantGroup section */

/* Begin XCBuildConfiguration section */
		AE9A35BA1D62BDFA00CD4D55 /* Debug */ = {
			isa = XCBuildConfiguration;
			buildSettings = {
				ALWAYS_SEARCH_USER_PATHS = NO;
				CLANG_ANALYZER_NONNULL = YES;
				CLANG_CXX_LANGUAGE_STANDARD = "gnu++0x";
				CLANG_CXX_LIBRARY = "libc++";
				CLANG_ENABLE_MODULES = YES;
				CLANG_ENABLE_OBJC_ARC = YES;
				CLANG_WARN_BOOL_CONVERSION = YES;
				CLANG_WARN_CONSTANT_CONVERSION = YES;
				CLANG_WARN_DIRECT_OBJC_ISA_USAGE = YES_ERROR;
				CLANG_WARN_EMPTY_BODY = YES;
				CLANG_WARN_ENUM_CONVERSION = YES;
				CLANG_WARN_INT_CONVERSION = YES;
				CLANG_WARN_OBJC_ROOT_CLASS = YES_ERROR;
				CLANG_WARN_UNREACHABLE_CODE = YES;
				CLANG_WARN__DUPLICATE_METHOD_MATCH = YES;
				"CODE_SIGN_IDENTITY[sdk=iphoneos*]" = "iPhone Developer";
				COPY_PHASE_STRIP = NO;
				DEBUG_INFORMATION_FORMAT = dwarf;
				ENABLE_STRICT_OBJC_MSGSEND = YES;
				ENABLE_TESTABILITY = YES;
				GCC_C_LANGUAGE_STANDARD = gnu99;
				GCC_DYNAMIC_NO_PIC = NO;
				GCC_NO_COMMON_BLOCKS = YES;
				GCC_OPTIMIZATION_LEVEL = 0;
				GCC_PREPROCESSOR_DEFINITIONS = (
					"DEBUG=1",
					"$(inherited)",
				);
				GCC_WARN_64_TO_32_BIT_CONVERSION = YES;
				GCC_WARN_ABOUT_RETURN_TYPE = YES_ERROR;
				GCC_WARN_UNDECLARED_SELECTOR = YES;
				GCC_WARN_UNINITIALIZED_AUTOS = YES_AGGRESSIVE;
				GCC_WARN_UNUSED_FUNCTION = YES;
				GCC_WARN_UNUSED_VARIABLE = YES;
				IPHONEOS_DEPLOYMENT_TARGET = 9.3;
				MTL_ENABLE_DEBUG_INFO = YES;
				ONLY_ACTIVE_ARCH = YES;
				SDKROOT = iphoneos;
			};
			name = Debug;
		};
		AE9A35BB1D62BDFA00CD4D55 /* Release */ = {
			isa = XCBuildConfiguration;
			buildSettings = {
				ALWAYS_SEARCH_USER_PATHS = NO;
				CLANG_ANALYZER_NONNULL = YES;
				CLANG_CXX_LANGUAGE_STANDARD = "gnu++0x";
				CLANG_CXX_LIBRARY = "libc++";
				CLANG_ENABLE_MODULES = YES;
				CLANG_ENABLE_OBJC_ARC = YES;
				CLANG_WARN_BOOL_CONVERSION = YES;
				CLANG_WARN_CONSTANT_CONVERSION = YES;
				CLANG_WARN_DIRECT_OBJC_ISA_USAGE = YES_ERROR;
				CLANG_WARN_EMPTY_BODY = YES;
				CLANG_WARN_ENUM_CONVERSION = YES;
				CLANG_WARN_INT_CONVERSION = YES;
				CLANG_WARN_OBJC_ROOT_CLASS = YES_ERROR;
				CLANG_WARN_UNREACHABLE_CODE = YES;
				CLANG_WARN__DUPLICATE_METHOD_MATCH = YES;
				"CODE_SIGN_IDENTITY[sdk=iphoneos*]" = "iPhone Developer";
				COPY_PHASE_STRIP = NO;
				DEBUG_INFORMATION_FORMAT = "dwarf-with-dsym";
				ENABLE_NS_ASSERTIONS = NO;
				ENABLE_STRICT_OBJC_MSGSEND = YES;
				GCC_C_LANGUAGE_STANDARD = gnu99;
				GCC_NO_COMMON_BLOCKS = YES;
				GCC_WARN_64_TO_32_BIT_CONVERSION = YES;
				GCC_WARN_ABOUT_RETURN_TYPE = YES_ERROR;
				GCC_WARN_UNDECLARED_SELECTOR = YES;
				GCC_WARN_UNINITIALIZED_AUTOS = YES_AGGRESSIVE;
				GCC_WARN_UNUSED_FUNCTION = YES;
				GCC_WARN_UNUSED_VARIABLE = YES;
				IPHONEOS_DEPLOYMENT_TARGET = 9.3;
				MTL_ENABLE_DEBUG_INFO = NO;
				SDKROOT = iphoneos;
				VALIDATE_PRODUCT = YES;
			};
			name = Release;
		};
		AE9A35BD1D62BDFA00CD4D55 /* Debug */ = {
			isa = XCBuildConfiguration;
			buildSettings = {
				ASSETCATALOG_COMPILER_APPICON_NAME = AppIcon;
				INFOPLIST_FILE = OfferDemo/Info.plist;
				LD_RUNPATH_SEARCH_PATHS = "$(inherited) @executable_path/Frameworks";
				PRODUCT_BUNDLE_IDENTIFIER = cn.com.uvic.OfferDemo;
				PRODUCT_NAME = "$(TARGET_NAME)";
			};
			name = Debug;
		};
		AE9A35BE1D62BDFA00CD4D55 /* Release */ = {
			isa = XCBuildConfiguration;
			buildSettings = {
				ASSETCATALOG_COMPILER_APPICON_NAME = AppIcon;
				INFOPLIST_FILE = OfferDemo/Info.plist;
				LD_RUNPATH_SEARCH_PATHS = "$(inherited) @executable_path/Frameworks";
				PRODUCT_BUNDLE_IDENTIFIER = cn.com.uvic.OfferDemo;
				PRODUCT_NAME = "$(TARGET_NAME)";
			};
			name = Release;
		};
		AE9A35C01D62BDFA00CD4D55 /* Debug */ = {
			isa = XCBuildConfiguration;
			buildSettings = {
				BUNDLE_LOADER = "$(TEST_HOST)";
				INFOPLIST_FILE = OfferDemoTests/Info.plist;
				LD_RUNPATH_SEARCH_PATHS = "$(inherited) @executable_path/Frameworks @loader_path/Frameworks";
				PRODUCT_BUNDLE_IDENTIFIER = cn.com.uvic.OfferDemoTests;
				PRODUCT_NAME = "$(TARGET_NAME)";
				TEST_HOST = "$(BUILT_PRODUCTS_DIR)/OfferDemo.app/OfferDemo";
			};
			name = Debug;
		};
		AE9A35C11D62BDFA00CD4D55 /* Release */ = {
			isa = XCBuildConfiguration;
			buildSettings = {
				BUNDLE_LOADER = "$(TEST_HOST)";
				INFOPLIST_FILE = OfferDemoTests/Info.plist;
				LD_RUNPATH_SEARCH_PATHS = "$(inherited) @executable_path/Frameworks @loader_path/Frameworks";
				PRODUCT_BUNDLE_IDENTIFIER = cn.com.uvic.OfferDemoTests;
				PRODUCT_NAME = "$(TARGET_NAME)";
				TEST_HOST = "$(BUILT_PRODUCTS_DIR)/OfferDemo.app/OfferDemo";
			};
			name = Release;
		};
		AE9A35C31D62BDFA00CD4D55 /* Debug */ = {
			isa = XCBuildConfiguration;
			buildSettings = {
				INFOPLIST_FILE = OfferDemoUITests/Info.plist;
				LD_RUNPATH_SEARCH_PATHS = "$(inherited) @executable_path/Frameworks @loader_path/Frameworks";
				PRODUCT_BUNDLE_IDENTIFIER = cn.com.uvic.OfferDemoUITests;
				PRODUCT_NAME = "$(TARGET_NAME)";
				TEST_TARGET_NAME = OfferDemo;
			};
			name = Debug;
		};
		AE9A35C41D62BDFA00CD4D55 /* Release */ = {
			isa = XCBuildConfiguration;
			buildSettings = {
				INFOPLIST_FILE = OfferDemoUITests/Info.plist;
				LD_RUNPATH_SEARCH_PATHS = "$(inherited) @executable_path/Frameworks @loader_path/Frameworks";
				PRODUCT_BUNDLE_IDENTIFIER = cn.com.uvic.OfferDemoUITests;
				PRODUCT_NAME = "$(TARGET_NAME)";
				TEST_TARGET_NAME = OfferDemo;
			};
			name = Release;
		};
/* End XCBuildConfiguration section */

/* Begin XCConfigurationList section */
		AE9A358A1D62BDF900CD4D55 /* Build configuration list for PBXProject "OfferDemo" */ = {
			isa = XCConfigurationList;
			buildConfigurations = (
				AE9A35BA1D62BDFA00CD4D55 /* Debug */,
				AE9A35BB1D62BDFA00CD4D55 /* Release */,
			);
			defaultConfigurationIsVisible = 0;
			defaultConfigurationName = Release;
		};
		AE9A35BC1D62BDFA00CD4D55 /* Build configuration list for PBXNativeTarget "OfferDemo" */ = {
			isa = XCConfigurationList;
			buildConfigurations = (
				AE9A35BD1D62BDFA00CD4D55 /* Debug */,
				AE9A35BE1D62BDFA00CD4D55 /* Release */,
			);
			defaultConfigurationIsVisible = 0;
		};
		AE9A35BF1D62BDFA00CD4D55 /* Build configuration list for PBXNativeTarget "OfferDemoTests" */ = {
			isa = XCConfigurationList;
			buildConfigurations = (
				AE9A35C01D62BDFA00CD4D55 /* Debug */,
				AE9A35C11D62BDFA00CD4D55 /* Release */,
			);
			defaultConfigurationIsVisible = 0;
		};
		AE9A35C21D62BDFA00CD4D55 /* Build configuration list for PBXNativeTarget "OfferDemoUITests" */ = {
			isa = XCConfigurationList;
			buildConfigurations = (
				AE9A35C31D62BDFA00CD4D55 /* Debug */,
				AE9A35C41D62BDFA00CD4D55 /* Release */,
			);
			defaultConfigurationIsVisible = 0;
		};
/* End XCConfigurationList section */
	};
	rootObject = AE9A35871D62BDF900CD4D55 /* Project object */;
}
